# This file is @generated by PDM.
# It is not intended for manual editing.

[metadata]
groups = ["default", "dev"]
strategy = ["inherit_metadata"]
lock_version = "4.5.0"
content_hash = "sha256:f76b75887b448cb2cc0fe5f93dcd103fb2b438b6c11278fc9b488fa617b499d7"

[[metadata.targets]]
requires_python = ">=3.12"

[[package]]
name = "ansicon"
version = "1.89.0"
summary = "Python wrapper for loading Jason Hood's ANSICON"
groups = ["default"]
marker = "platform_system == \"Windows\""
files = [
    {file = "ansicon-1.89.0-py2.py3-none-any.whl", hash = "sha256:f1def52d17f65c2c9682cf8370c03f541f410c1752d6a14029f97318e4b9dfec"},
    {file = "ansicon-1.89.0.tar.gz", hash = "sha256:e4d039def5768a47e4afec8e89e83ec3ae5a26bf00ad851f914d1240b444d2b1"},
]

[[package]]
name = "basedpyright"
version = "1.17.2"
requires_python = ">=3.8"
summary = "static type checking for Python (but based)"
groups = ["dev"]
dependencies = [
    "nodejs-wheel-binaries>=20.13.1",
]
files = [
    {file = "basedpyright-1.17.2-py3-none-any.whl", hash = "sha256:0bcd1af205db004091ccc4deea3b67db382e5f2460ce8c5c97fd09fed23a815e"},
    {file = "basedpyright-1.17.2.tar.gz", hash = "sha256:58cdf76ec3cc4babb4ec5b7803a626be4507e24952c4f7ac00fa111ddc82f281"},
]

[[package]]
name = "blessed"
version = "1.20.0"
requires_python = ">=2.7"
summary = "Easy, practical library for making terminal apps, by providing an elegant, well-documented interface to Colors, Keyboard input, and screen Positioning capabilities."
groups = ["default"]
dependencies = [
    "backports-functools-lru-cache>=1.2.1; python_version < \"3.2\"",
    "jinxed>=1.1.0; platform_system == \"Windows\"",
    "ordereddict==1.1; python_version < \"2.7\"",
    "six>=1.9.0",
    "wcwidth>=0.1.4",
]
files = [
    {file = "blessed-1.20.0-py2.py3-none-any.whl", hash = "sha256:0c542922586a265e699188e52d5f5ac5ec0dd517e5a1041d90d2bbf23f906058"},
    {file = "blessed-1.20.0.tar.gz", hash = "sha256:2cdd67f8746e048f00df47a2880f4d6acbcdb399031b604e34ba8f71d5787680"},
]

[[package]]
name = "certifi"
version = "2024.8.30"
requires_python = ">=3.6"
summary = "Python package for providing Mozilla's CA Bundle."
groups = ["default"]
files = [
    {file = "certifi-2024.8.30-py3-none-any.whl", hash = "sha256:922820b53db7a7257ffbda3f597266d435245903d80737e34f8a45ff3e3230d8"},
    {file = "certifi-2024.8.30.tar.gz", hash = "sha256:bec941d2aa8195e248a60b31ff9f0558284cf01a52591ceda73ea9afffd69fd9"},
]

[[package]]
name = "charset-normalizer"
version = "3.3.2"
requires_python = ">=3.7.0"
summary = "The Real First Universal Charset Detector. Open, modern and actively maintained alternative to Chardet."
groups = ["default"]
files = [
    {file = "charset-normalizer-3.3.2.tar.gz", hash = "sha256:f30c3cb33b24454a82faecaf01b19c18562b1e89558fb6c56de4d9118a032fd5"},
    {file = "charset_normalizer-3.3.2-cp312-cp312-macosx_10_9_universal2.whl", hash = "sha256:0b2b64d2bb6d3fb9112bafa732def486049e63de9618b5843bcdd081d8144cd8"},
    {file = "charset_normalizer-3.3.2-cp312-cp312-macosx_10_9_x86_64.whl", hash = "sha256:ddbb2551d7e0102e7252db79ba445cdab71b26640817ab1e3e3648dad515003b"},
    {file = "charset_normalizer-3.3.2-cp312-cp312-macosx_11_0_arm64.whl", hash = "sha256:55086ee1064215781fff39a1af09518bc9255b50d6333f2e4c74ca09fac6a8f6"},
    {file = "charset_normalizer-3.3.2-cp312-cp312-manylinux_2_17_aarch64.manylinux2014_aarch64.whl", hash = "sha256:8f4a014bc36d3c57402e2977dada34f9c12300af536839dc38c0beab8878f38a"},
    {file = "charset_normalizer-3.3.2-cp312-cp312-manylinux_2_17_ppc64le.manylinux2014_ppc64le.whl", hash = "sha256:a10af20b82360ab00827f916a6058451b723b4e65030c5a18577c8b2de5b3389"},
    {file = "charset_normalizer-3.3.2-cp312-cp312-manylinux_2_17_s390x.manylinux2014_s390x.whl", hash = "sha256:8d756e44e94489e49571086ef83b2bb8ce311e730092d2c34ca8f7d925cb20aa"},
    {file = "charset_normalizer-3.3.2-cp312-cp312-manylinux_2_17_x86_64.manylinux2014_x86_64.whl", hash = "sha256:90d558489962fd4918143277a773316e56c72da56ec7aa3dc3dbbe20fdfed15b"},
    {file = "charset_normalizer-3.3.2-cp312-cp312-manylinux_2_5_i686.manylinux1_i686.manylinux_2_17_i686.manylinux2014_i686.whl", hash = "sha256:6ac7ffc7ad6d040517be39eb591cac5ff87416c2537df6ba3cba3bae290c0fed"},
    {file = "charset_normalizer-3.3.2-cp312-cp312-musllinux_1_1_aarch64.whl", hash = "sha256:7ed9e526742851e8d5cc9e6cf41427dfc6068d4f5a3bb03659444b4cabf6bc26"},
    {file = "charset_normalizer-3.3.2-cp312-cp312-musllinux_1_1_i686.whl", hash = "sha256:8bdb58ff7ba23002a4c5808d608e4e6c687175724f54a5dade5fa8c67b604e4d"},
    {file = "charset_normalizer-3.3.2-cp312-cp312-musllinux_1_1_ppc64le.whl", hash = "sha256:6b3251890fff30ee142c44144871185dbe13b11bab478a88887a639655be1068"},
    {file = "charset_normalizer-3.3.2-cp312-cp312-musllinux_1_1_s390x.whl", hash = "sha256:b4a23f61ce87adf89be746c8a8974fe1c823c891d8f86eb218bb957c924bb143"},
    {file = "charset_normalizer-3.3.2-cp312-cp312-musllinux_1_1_x86_64.whl", hash = "sha256:efcb3f6676480691518c177e3b465bcddf57cea040302f9f4e6e191af91174d4"},
    {file = "charset_normalizer-3.3.2-cp312-cp312-win32.whl", hash = "sha256:d965bba47ddeec8cd560687584e88cf699fd28f192ceb452d1d7ee807c5597b7"},
    {file = "charset_normalizer-3.3.2-cp312-cp312-win_amd64.whl", hash = "sha256:96b02a3dc4381e5494fad39be677abcb5e6634bf7b4fa83a6dd3112607547001"},
    {file = "charset_normalizer-3.3.2-py3-none-any.whl", hash = "sha256:3e4d1f6587322d2788836a99c69062fbb091331ec940e02d12d179c1d53e25fc"},
]

[[package]]
name = "click"
version = "8.1.7"
requires_python = ">=3.7"
summary = "Composable command line interface toolkit"
groups = ["default"]
dependencies = [
    "colorama; platform_system == \"Windows\"",
    "importlib-metadata; python_version < \"3.8\"",
]
files = [
    {file = "click-8.1.7-py3-none-any.whl", hash = "sha256:ae74fb96c20a0277a1d615f1e4d73c8414f5a98db8b799a7931d1582f3390c28"},
    {file = "click-8.1.7.tar.gz", hash = "sha256:ca9853ad459e787e2192211578cc907e7594e294c7ccc834310722b41b9ca6de"},
]

[[package]]
name = "colorama"
version = "0.4.6"
requires_python = "!=3.0.*,!=3.1.*,!=3.2.*,!=3.3.*,!=3.4.*,!=3.5.*,!=3.6.*,>=2.7"
summary = "Cross-platform colored terminal text."
groups = ["default"]
marker = "platform_system == \"Windows\""
files = [
    {file = "colorama-0.4.6-py2.py3-none-any.whl", hash = "sha256:4f1d9991f5acc0ca119f9d443620b77f9d6b33703e51011c16baf57afb285fc6"},
    {file = "colorama-0.4.6.tar.gz", hash = "sha256:08695f5cb7ed6e0531a20572697297273c47b8cae5a63ffc6d6ed5c201be6e44"},
]

[[package]]
name = "editor"
version = "1.6.6"
requires_python = ">=3.8"
summary = "🖋 Open the default text editor 🖋"
groups = ["default"]
dependencies = [
    "runs",
    "xmod",
]
files = [
    {file = "editor-1.6.6-py3-none-any.whl", hash = "sha256:e818e6913f26c2a81eadef503a2741d7cca7f235d20e217274a009ecd5a74abf"},
    {file = "editor-1.6.6.tar.gz", hash = "sha256:bb6989e872638cd119db9a4fce284cd8e13c553886a1c044c6b8d8a160c871f8"},
]

[[package]]
name = "idna"
version = "3.8"
requires_python = ">=3.6"
summary = "Internationalized Domain Names in Applications (IDNA)"
groups = ["default"]
files = [
    {file = "idna-3.8-py3-none-any.whl", hash = "sha256:050b4e5baadcd44d760cedbd2b8e639f2ff89bbc7a5730fcc662954303377aac"},
    {file = "idna-3.8.tar.gz", hash = "sha256:d838c2c0ed6fced7693d5e8ab8e734d5f8fda53a039c0164afb0b82e771e3603"},
]

[[package]]
name = "inquirer"
version = "3.4.0"
requires_python = ">=3.8.1"
summary = "Collection of common interactive command line user interfaces, based on Inquirer.js"
groups = ["default"]
dependencies = [
    "blessed>=1.19.0",
    "editor>=1.6.0",
    "readchar>=4.2.0",
]
files = [
    {file = "inquirer-3.4.0-py3-none-any.whl", hash = "sha256:bb0ec93c833e4ce7b51b98b1644b0a4d2bb39755c39787f6a504e4fee7a11b60"},
    {file = "inquirer-3.4.0.tar.gz", hash = "sha256:8edc99c076386ee2d2204e5e3653c2488244e82cb197b2d498b3c1b5ffb25d0b"},
]

[[package]]
name = "jinxed"
version = "1.3.0"
summary = "Jinxed Terminal Library"
groups = ["default"]
marker = "platform_system == \"Windows\""
dependencies = [
    "ansicon; platform_system == \"Windows\"",
]
files = [
    {file = "jinxed-1.3.0-py2.py3-none-any.whl", hash = "sha256:b993189f39dc2d7504d802152671535b06d380b26d78070559551cbf92df4fc5"},
    {file = "jinxed-1.3.0.tar.gz", hash = "sha256:1593124b18a41b7a3da3b078471442e51dbad3d77b4d4f2b0c26ab6f7d660dbf"},
]

[[package]]
name = "markdown-it-py"
version = "3.0.0"
requires_python = ">=3.8"
summary = "Python port of markdown-it. Markdown parsing, done right!"
groups = ["default"]
dependencies = [
    "mdurl~=0.1",
]
files = [
    {file = "markdown-it-py-3.0.0.tar.gz", hash = "sha256:e3f60a94fa066dc52ec76661e37c851cb232d92f9886b15cb560aaada2df8feb"},
    {file = "markdown_it_py-3.0.0-py3-none-any.whl", hash = "sha256:355216845c60bd96232cd8d8c40e8f9765cc86f46880e43a8fd22dc1a1a8cab1"},
]

[[package]]
name = "mdurl"
version = "0.1.2"
requires_python = ">=3.7"
summary = "Markdown URL utilities"
groups = ["default"]
files = [
    {file = "mdurl-0.1.2-py3-none-any.whl", hash = "sha256:84008a41e51615a49fc9966191ff91509e3c40b939176e643fd50a5c2196b8f8"},
    {file = "mdurl-0.1.2.tar.gz", hash = "sha256:bb413d29f5eea38f31dd4754dd7377d4465116fb207585f97bf925588687c1ba"},
]

[[package]]
name = "msgspec"
version = "0.18.6"
requires_python = ">=3.8"
summary = "A fast serialization and validation library, with builtin support for JSON, MessagePack, YAML, and TOML."
groups = ["default"]
files = [
    {file = "msgspec-0.18.6-cp312-cp312-macosx_10_9_x86_64.whl", hash = "sha256:d86f5071fe33e19500920333c11e2267a31942d18fed4d9de5bc2fbab267d28c"},
    {file = "msgspec-0.18.6-cp312-cp312-macosx_11_0_arm64.whl", hash = "sha256:ce13981bfa06f5eb126a3a5a38b1976bddb49a36e4f46d8e6edecf33ccf11df1"},
    {file = "msgspec-0.18.6-cp312-cp312-manylinux_2_17_aarch64.manylinux2014_aarch64.whl", hash = "sha256:e97dec6932ad5e3ee1e3c14718638ba333befc45e0661caa57033cd4cc489466"},
    {file = "msgspec-0.18.6-cp312-cp312-manylinux_2_17_x86_64.manylinux2014_x86_64.whl", hash = "sha256:ad237100393f637b297926cae1868b0d500f764ccd2f0623a380e2bcfb2809ca"},
    {file = "msgspec-0.18.6-cp312-cp312-musllinux_1_1_aarch64.whl", hash = "sha256:db1d8626748fa5d29bbd15da58b2d73af25b10aa98abf85aab8028119188ed57"},
    {file = "msgspec-0.18.6-cp312-cp312-musllinux_1_1_x86_64.whl", hash = "sha256:d70cb3d00d9f4de14d0b31d38dfe60c88ae16f3182988246a9861259c6722af6"},
    {file = "msgspec-0.18.6-cp312-cp312-win_amd64.whl", hash = "sha256:1003c20bfe9c6114cc16ea5db9c5466e49fae3d7f5e2e59cb70693190ad34da0"},
    {file = "msgspec-0.18.6.tar.gz", hash = "sha256:a59fc3b4fcdb972d09138cb516dbde600c99d07c38fd9372a6ef500d2d031b4e"},
]

[[package]]
name = "nodejs-wheel-binaries"
version = "20.17.0"
requires_python = ">=3.7"
summary = "unoffical Node.js package"
groups = ["dev"]
files = [
    {file = "nodejs_wheel_binaries-20.17.0-py2.py3-none-macosx_10_15_x86_64.whl", hash = "sha256:a5eaffb0327d751360e5f01e92f0adeb3b297a9196751bf1dda910b92c9f6f83"},
    {file = "nodejs_wheel_binaries-20.17.0-py2.py3-none-macosx_11_0_arm64.whl", hash = "sha256:a661d2894b11dc886ae8c25727c3cdf1d54db982cdccfcddbb2dfe20dd249f3b"},
    {file = "nodejs_wheel_binaries-20.17.0-py2.py3-none-manylinux_2_17_aarch64.manylinux2014_aarch64.whl", hash = "sha256:e0144c91e9816cda969d78ba0903acc405c99e0a4bfffbdabac6b48b237335e7"},
    {file = "nodejs_wheel_binaries-20.17.0-py2.py3-none-manylinux_2_17_x86_64.manylinux2014_x86_64.whl", hash = "sha256:b87ee7e88bfece2d325949e4f0dedb942b7478c401fc4e6726c5270f5835a02d"},
    {file = "nodejs_wheel_binaries-20.17.0-py2.py3-none-musllinux_1_2_x86_64.whl", hash = "sha256:5b5fb7c51204ad30e9f83ab503f11b17de4bcc1c248314f83ca3302fda24b1a1"},
    {file = "nodejs_wheel_binaries-20.17.0-py2.py3-none-win_amd64.whl", hash = "sha256:931558d528b976eb67ae1f68253df089e9d7d7267b6980fc580bfd31d67a0f5c"},
    {file = "nodejs_wheel_binaries-20.17.0.tar.gz", hash = "sha256:827a3297a99764adfaeb0cd1e9e36d8fb79c5b074de916a2a31b8a61b8d208f7"},
]

[[package]]
name = "pathvalidate"
version = "3.2.1"
requires_python = ">=3.7"
summary = "pathvalidate is a Python library to sanitize/validate a string such as filenames/file-paths/etc."
groups = ["default"]
files = [
    {file = "pathvalidate-3.2.1-py3-none-any.whl", hash = "sha256:9a6255eb8f63c9e2135b9be97a5ce08f10230128c4ae7b3e935378b82b22c4c9"},
    {file = "pathvalidate-3.2.1.tar.gz", hash = "sha256:f5d07b1e2374187040612a1fcd2bcb2919f8db180df254c9581bb90bf903377d"},
]

[[package]]
name = "platformdirs"
version = "4.2.2"
requires_python = ">=3.8"
summary = "A small Python package for determining appropriate platform-specific dirs, e.g. a `user data dir`."
groups = ["default"]
files = [
    {file = "platformdirs-4.2.2-py3-none-any.whl", hash = "sha256:2d7a1657e36a80ea911db832a8a6ece5ee53d8de21edd5cc5879af6530b1bfee"},
    {file = "platformdirs-4.2.2.tar.gz", hash = "sha256:38b7b51f512eed9e84a22788b4bce1de17c0adb134d6becb09836e37d8654cd3"},
]

[[package]]
name = "pygments"
version = "2.18.0"
requires_python = ">=3.8"
summary = "Pygments is a syntax highlighting package written in Python."
groups = ["default"]
files = [
    {file = "pygments-2.18.0-py3-none-any.whl", hash = "sha256:b8e6aca0523f3ab76fee51799c488e38782ac06eafcf95e7ba832985c8e7b13a"},
    {file = "pygments-2.18.0.tar.gz", hash = "sha256:786ff802f32e91311bff3889f6e9a86e81505fe99f2735bb6d60ae0c5004f199"},
]

[[package]]
name = "readchar"
version = "4.2.0"
requires_python = ">=3.8"
summary = "Library to easily read single chars and key strokes"
groups = ["default"]
files = [
    {file = "readchar-4.2.0-py3-none-any.whl", hash = "sha256:2a587a27c981e6d25a518730ad4c88c429c315439baa6fda55d7a8b3ac4cb62a"},
    {file = "readchar-4.2.0.tar.gz", hash = "sha256:44807cbbe377b72079fea6cba8aa91c809982d7d727b2f0dbb2d1a8084914faa"},
]

[[package]]
name = "requests"
version = "2.32.3"
requires_python = ">=3.8"
summary = "Python HTTP for Humans."
groups = ["default"]
dependencies = [
    "certifi>=2017.4.17",
    "charset-normalizer<4,>=2",
    "idna<4,>=2.5",
    "urllib3<3,>=1.21.1",
]
files = [
    {file = "requests-2.32.3-py3-none-any.whl", hash = "sha256:70761cfe03c773ceb22aa2f671b4757976145175cdfca038c02654d061d6dcc6"},
    {file = "requests-2.32.3.tar.gz", hash = "sha256:55365417734eb18255590a9ff9eb97e9e1da868d4ccd6402399eaf68af20a760"},
]

[[package]]
name = "rich"
version = "13.8.0"
requires_python = ">=3.7.0"
summary = "Render rich text, tables, progress bars, syntax highlighting, markdown and more to the terminal"
groups = ["default"]
dependencies = [
    "markdown-it-py>=2.2.0",
    "pygments<3.0.0,>=2.13.0",
    "typing-extensions<5.0,>=4.0.0; python_version < \"3.9\"",
]
files = [
    {file = "rich-13.8.0-py3-none-any.whl", hash = "sha256:2e85306a063b9492dffc86278197a60cbece75bcb766022f3436f567cae11bdc"},
    {file = "rich-13.8.0.tar.gz", hash = "sha256:a5ac1f1cd448ade0d59cc3356f7db7a7ccda2c8cbae9c7a90c28ff463d3e91f4"},
]

[[package]]
name = "ruff"
version = "0.6.4"
requires_python = ">=3.7"
summary = "An extremely fast Python linter and code formatter, written in Rust."
groups = ["dev"]
files = [
    {file = "ruff-0.6.4-py3-none-linux_armv6l.whl", hash = "sha256:c4b153fc152af51855458e79e835fb6b933032921756cec9af7d0ba2aa01a258"},
    {file = "ruff-0.6.4-py3-none-macosx_10_12_x86_64.whl", hash = "sha256:bedff9e4f004dad5f7f76a9d39c4ca98af526c9b1695068198b3bda8c085ef60"},
    {file = "ruff-0.6.4-py3-none-macosx_11_0_arm64.whl", hash = "sha256:d02a4127a86de23002e694d7ff19f905c51e338c72d8e09b56bfb60e1681724f"},
    {file = "ruff-0.6.4-py3-none-manylinux_2_17_aarch64.manylinux2014_aarch64.whl", hash = "sha256:7862f42fc1a4aca1ea3ffe8a11f67819d183a5693b228f0bb3a531f5e40336fc"},
    {file = "ruff-0.6.4-py3-none-manylinux_2_17_armv7l.manylinux2014_armv7l.whl", hash = "sha256:eebe4ff1967c838a1a9618a5a59a3b0a00406f8d7eefee97c70411fefc353617"},
    {file = "ruff-0.6.4-py3-none-manylinux_2_17_i686.manylinux2014_i686.whl", hash = "sha256:932063a03bac394866683e15710c25b8690ccdca1cf192b9a98260332ca93408"},
    {file = "ruff-0.6.4-py3-none-manylinux_2_17_ppc64.manylinux2014_ppc64.whl", hash = "sha256:50e30b437cebef547bd5c3edf9ce81343e5dd7c737cb36ccb4fe83573f3d392e"},
    {file = "ruff-0.6.4-py3-none-manylinux_2_17_ppc64le.manylinux2014_ppc64le.whl", hash = "sha256:c44536df7b93a587de690e124b89bd47306fddd59398a0fb12afd6133c7b3818"},
    {file = "ruff-0.6.4-py3-none-manylinux_2_17_s390x.manylinux2014_s390x.whl", hash = "sha256:0ea086601b22dc5e7693a78f3fcfc460cceabfdf3bdc36dc898792aba48fbad6"},
    {file = "ruff-0.6.4-py3-none-manylinux_2_17_x86_64.manylinux2014_x86_64.whl", hash = "sha256:0b52387d3289ccd227b62102c24714ed75fbba0b16ecc69a923a37e3b5e0aaaa"},
    {file = "ruff-0.6.4-py3-none-musllinux_1_2_aarch64.whl", hash = "sha256:0308610470fcc82969082fc83c76c0d362f562e2f0cdab0586516f03a4e06ec6"},
    {file = "ruff-0.6.4-py3-none-musllinux_1_2_armv7l.whl", hash = "sha256:803b96dea21795a6c9d5bfa9e96127cc9c31a1987802ca68f35e5c95aed3fc0d"},
    {file = "ruff-0.6.4-py3-none-musllinux_1_2_i686.whl", hash = "sha256:66dbfea86b663baab8fcae56c59f190caba9398df1488164e2df53e216248baa"},
    {file = "ruff-0.6.4-py3-none-musllinux_1_2_x86_64.whl", hash = "sha256:34d5efad480193c046c86608dbba2bccdc1c5fd11950fb271f8086e0c763a5d1"},
    {file = "ruff-0.6.4-py3-none-win32.whl", hash = "sha256:f0f8968feea5ce3777c0d8365653d5e91c40c31a81d95824ba61d871a11b8523"},
    {file = "ruff-0.6.4-py3-none-win_amd64.whl", hash = "sha256:549daccee5227282289390b0222d0fbee0275d1db6d514550d65420053021a58"},
    {file = "ruff-0.6.4-py3-none-win_arm64.whl", hash = "sha256:ac4b75e898ed189b3708c9ab3fc70b79a433219e1e87193b4f2b77251d058d14"},
    {file = "ruff-0.6.4.tar.gz", hash = "sha256:ac3b5bfbee99973f80aa1b7cbd1c9cbce200883bdd067300c22a6cc1c7fba212"},
]

[[package]]
name = "runs"
version = "1.2.2"
requires_python = ">=3.8"
summary = "🏃 Run a block of text as a subprocess 🏃"
groups = ["default"]
dependencies = [
    "xmod",
]
files = [
    {file = "runs-1.2.2-py3-none-any.whl", hash = "sha256:0980dcbc25aba1505f307ac4f0e9e92cbd0be2a15a1e983ee86c24c87b839dfd"},
    {file = "runs-1.2.2.tar.gz", hash = "sha256:9dc1815e2895cfb3a48317b173b9f1eac9ba5549b36a847b5cc60c3bf82ecef1"},
]

[[package]]
name = "shellingham"
version = "1.5.4"
requires_python = ">=3.7"
summary = "Tool to Detect Surrounding Shell"
groups = ["default"]
files = [
    {file = "shellingham-1.5.4-py2.py3-none-any.whl", hash = "sha256:7ecfff8f2fd72616f7481040475a65b2bf8af90a56c89140852d1120324e8686"},
    {file = "shellingham-1.5.4.tar.gz", hash = "sha256:8dbca0739d487e5bd35ab3ca4b36e11c4078f3a234bfce294b0a0291363404de"},
]

[[package]]
name = "six"
version = "1.16.0"
requires_python = ">=2.7, !=3.0.*, !=3.1.*, !=3.2.*"
summary = "Python 2 and 3 compatibility utilities"
groups = ["default"]
files = [
    {file = "six-1.16.0-py2.py3-none-any.whl", hash = "sha256:8abb2f1d86890a2dfb989f9a77cfcfd3e47c2a354b01111771326f8aa26e0254"},
    {file = "six-1.16.0.tar.gz", hash = "sha256:1e61c37477a1626458e36f7b1d82aa5c9b094fa4802892072e49de9c60c4c926"},
]

[[package]]
name = "tomli-w"
version = "1.0.0"
requires_python = ">=3.7"
summary = "A lil' TOML writer"
groups = ["default"]
files = [
    {file = "tomli_w-1.0.0-py3-none-any.whl", hash = "sha256:9f2a07e8be30a0729e533ec968016807069991ae2fd921a78d42f429ae5f4463"},
    {file = "tomli_w-1.0.0.tar.gz", hash = "sha256:f463434305e0336248cac9c2dc8076b707d8a12d019dd349f5c1e382dd1ae1b9"},
]

[[package]]
name = "typer"
version = "0.12.5"
requires_python = ">=3.7"
summary = "Typer, build great CLIs. Easy to code. Based on Python type hints."
groups = ["default"]
dependencies = [
    "click>=8.0.0",
    "rich>=10.11.0",
    "shellingham>=1.3.0",
    "typing-extensions>=3.7.4.3",
]
files = [
    {file = "typer-0.12.5-py3-none-any.whl", hash = "sha256:62fe4e471711b147e3365034133904df3e235698399bc4de2b36c8579298d52b"},
    {file = "typer-0.12.5.tar.gz", hash = "sha256:f592f089bedcc8ec1b974125d64851029c3b1af145f04aca64d69410f0c9b722"},
]

[[package]]
name = "typing-extensions"
version = "4.12.2"
requires_python = ">=3.8"
summary = "Backported and Experimental Type Hints for Python 3.8+"
groups = ["default"]
files = [
    {file = "typing_extensions-4.12.2-py3-none-any.whl", hash = "sha256:04e5ca0351e0f3f85c6853954072df659d0d13fac324d0072316b67d7794700d"},
    {file = "typing_extensions-4.12.2.tar.gz", hash = "sha256:1a7ead55c7e559dd4dee8856e3a88b41225abfe1ce8df57b7c13915fe121ffb8"},
]

[[package]]
name = "urllib3"
version = "2.2.2"
requires_python = ">=3.8"
summary = "HTTP library with thread-safe connection pooling, file post, and more."
groups = ["default"]
files = [
    {file = "urllib3-2.2.2-py3-none-any.whl", hash = "sha256:a448b2f64d686155468037e1ace9f2d2199776e17f0a46610480d311f73e3472"},
    {file = "urllib3-2.2.2.tar.gz", hash = "sha256:dd505485549a7a552833da5e6063639d0d177c04f23bc3864e41e5dc5f612168"},
]

[[package]]
name = "wcwidth"
version = "0.2.13"
summary = "Measures the displayed width of unicode strings in a terminal"
groups = ["default"]
dependencies = [
    "backports-functools-lru-cache>=1.2.1; python_version < \"3.2\"",
]
files = [
    {file = "wcwidth-0.2.13-py2.py3-none-any.whl", hash = "sha256:3da69048e4540d84af32131829ff948f1e022c1c6bdb8d6102117aac784f6859"},
    {file = "wcwidth-0.2.13.tar.gz", hash = "sha256:72ea0c06399eb286d978fdedb6923a9eb47e1c486ce63e9b4e64fc18303972b5"},
]

[[package]]
name = "xmod"
version = "1.8.1"
requires_python = ">=3.8"
summary = "🌱 Turn any object into a module 🌱"
groups = ["default"]
files = [
    {file = "xmod-1.8.1-py3-none-any.whl", hash = "sha256:a24e9458a4853489042522bdca9e50ee2eac5ab75c809a91150a8a7f40670d48"},
    {file = "xmod-1.8.1.tar.gz", hash = "sha256:38c76486b9d672c546d57d8035df0beb7f4a9b088bc3fb2de5431ae821444377"},
]
